// !$*UTF8*$!
{
	archiveVersion = 1;
	classes = {
	};
	objectVersion = 46;
	objects = {

/* Begin PBXBuildFile section */
		9E3384F21D6A1A1300894C9A /* main.m in Sources */ = {isa = PBXBuildFile; fileRef = 9E3384F11D6A1A1300894C9A /* main.m */; };
		9E3384FA1D6A1A7C00894C9A /* LinkedList.m in Sources */ = {isa = PBXBuildFile; fileRef = 9E3384F91D6A1A7C00894C9A /* LinkedList.m */; };
		9E3384FD1D6A1AE700894C9A /* Node.m in Sources */ = {isa = PBXBuildFile; fileRef = 9E3384FC1D6A1AE700894C9A /* Node.m */; };
		9E3385001D6A1B8A00894C9A /* Stack.m in Sources */ = {isa = PBXBuildFile; fileRef = 9E3384FF1D6A1B8A00894C9A /* Stack.m */; };
		9E3385031D6A2AF600894C9A /* Equations.m in Sources */ = {isa = PBXBuildFile; fileRef = 9E3385021D6A2AF600894C9A /* Equations.m */; };
/* End PBXBuildFile section */

/* Begin PBXCopyFilesBuildPhase section */
		9E3384EC1D6A1A1300894C9A /* CopyFiles */ = {
			isa = PBXCopyFilesBuildPhase;
			buildActionMask = 2147483647;
			dstPath = /usr/share/man/man1/;
			dstSubfolderSpec = 0;
			files = (
			);
			runOnlyForDeploymentPostprocessing = 1;
		};
/* End PBXCopyFilesBuildPhase section */

/* Begin PBXFileReference section */
		9E3384EE1D6A1A1300894C9A /* CSStackPractice */ = {isa = PBXFileReference; explicitFileType = "compiled.mach-o.executable"; includeInIndex = 0; path = CSStackPractice; sourceTree = BUILT_PRODUCTS_DIR; };
		9E3384F11D6A1A1300894C9A /* main.m */ = {isa = PBXFileReference; lastKnownFileType = sourcecode.c.objc; path = main.m; sourceTree = "<group>"; };
		9E3384F81D6A1A7C00894C9A /* LinkedList.h */ = {isa = PBXFileReference; fileEncoding = 4; lastKnownFileType = sourcecode.c.h; path = LinkedList.h; sourceTree = "<group>"; };
		9E3384F91D6A1A7C00894C9A /* LinkedList.m */ = {isa = PBXFileReference; fileEncoding = 4; lastKnownFileType = sourcecode.c.objc; path = LinkedList.m; sourceTree = "<group>"; };
		9E3384FB1D6A1AE700894C9A /* Node.h */ = {isa = PBXFileReference; fileEncoding = 4; lastKnownFileType = sourcecode.c.h; path = Node.h; sourceTree = "<group>"; };
		9E3384FC1D6A1AE700894C9A /* Node.m */ = {isa = PBXFileReference; fileEncoding = 4; lastKnownFileType = sourcecode.c.objc; path = Node.m; sourceTree = "<group>"; };
		9E3384FE1D6A1B8A00894C9A /* Stack.h */ = {isa = PBXFileReference; fileEncoding = 4; lastKnownFileType = sourcecode.c.h; path = Stack.h; sourceTree = "<group>"; };
		9E3384FF1D6A1B8A00894C9A /* Stack.m */ = {isa = PBXFileReference; fileEncoding = 4; lastKnownFileType = sourcecode.c.objc; path = Stack.m; sourceTree = "<group>"; };
		9E3385011D6A2AF600894C9A /* Equations.h */ = {isa = PBXFileReference; fileEncoding = 4; lastKnownFileType = sourcecode.c.h; path = Equations.h; sourceTree = "<group>"; };
		9E3385021D6A2AF600894C9A /* Equations.m */ = {isa = PBXFileReference; fileEncoding = 4; lastKnownFileType = sourcecode.c.objc; path = Equations.m; sourceTree = "<group>"; };
/* End PBXFileReference section */

/* Begin PBXFrameworksBuildPhase section */
		9E3384EB1D6A1A1300894C9A /* Frameworks */ = {
			isa = PBXFrameworksBuildPhase;
			buildActionMask = 2147483647;
			files = (
			);
			runOnlyForDeploymentPostprocessing = 0;
		};
/* End PBXFrameworksBuildPhase section */

/* Begin PBXGroup section */
		9E3384E51D6A1A1300894C9A = {
			isa = PBXGroup;
			children = (
				9E3384F01D6A1A1300894C9A /* CSStackPractice */,
				9E3384EF1D6A1A1300894C9A /* Products */,
			);
			sourceTree = "<group>";
		};
		9E3384EF1D6A1A1300894C9A /* Products */ = {
			isa = PBXGroup;
			children = (
				9E3384EE1D6A1A1300894C9A /* CSStackPractice */,
			);
			name = Products;
			sourceTree = "<group>";
		};
		9E3384F01D6A1A1300894C9A /* CSStackPractice */ = {
			isa = PBXGroup;
			children = (
				9E3384F11D6A1A1300894C9A /* main.m */,
				9E3384F91D6A1A7C00894C9A /* LinkedList.m */,
				9E3384F81D6A1A7C00894C9A /* LinkedList.h */,
				9E3384FE1D6A1B8A00894C9A /* Stack.h */,
				9E3384FF1D6A1B8A00894C9A /* Stack.m */,
				9E3385011D6A2AF600894C9A /* Equations.h */,
				9E3385021D6A2AF600894C9A /* Equations.m */,
				9E3384FB1D6A1AE700894C9A /* Node.h */,
				9E3384FC1D6A1AE700894C9A /* Node.m */,
			);
			path = CSStackPractice;
			sourceTree = "<group>";
		};
/* End PBXGroup section */

/* Begin PBXNativeTarget section */
		9E3384ED1D6A1A1300894C9A /* CSStackPractice */ = {
			isa = PBXNativeTarget;
			buildConfigurationList = 9E3384F51D6A1A1300894C9A /* Build configuration list for PBXNativeTarget "CSStackPractice" */;
			buildPhases = (
				9E3384EA1D6A1A1300894C9A /* Sources */,
				9E3384EB1D6A1A1300894C9A /* Frameworks */,
				9E3384EC1D6A1A1300894C9A /* CopyFiles */,
			);
			buildRules = (
			);
			dependencies = (
			);
			name = CSStackPractice;
			productName = CSStackPractice;
			productReference = 9E3384EE1D6A1A1300894C9A /* CSStackPractice */;
			productType = "com.apple.product-type.tool";
		};
/* End PBXNativeTarget section */

/* Begin PBXProject section */
		9E3384E61D6A1A1300894C9A /* Project object */ = {
			isa = PBXProject;
			attributes = {
				LastUpgradeCheck = 0730;
				ORGANIZATIONNAME = sahlitude;
				TargetAttributes = {
					9E3384ED1D6A1A1300894C9A = {
						CreatedOnToolsVersion = 7.3.1;
					};
				};
			};
			buildConfigurationList = 9E3384E91D6A1A1300894C9A /* Build configuration list for PBXProject "CSStackPractice" */;
			compatibilityVersion = "Xcode 3.2";
			developmentRegion = English;
			hasScannedForEncodings = 0;
			knownRegions = (
				en,
			);
			mainGroup = 9E3384E51D6A1A1300894C9A;
			productRefGroup = 9E3384EF1D6A1A1300894C9A /* Products */;
			projectDirPath = "";
			projectRoot = "";
			targets = (
				9E3384ED1D6A1A1300894C9A /* CSStackPractice */,
			);
		};
/* End PBXProject section */

/* Begin PBXSourcesBuildPhase section */
		9E3384EA1D6A1A1300894C9A /* Sources */ = {
			isa = PBXSourcesBuildPhase;
			buildActionMask = 2147483647;
			files = (
				9E3385001D6A1B8A00894C9A /* Stack.m in Sources */,
				9E3384FA1D6A1A7C00894C9A /* LinkedList.m in Sources */,
				9E3385031D6A2AF600894C9A /* Equations.m in Sources */,
				9E3384F21D6A1A1300894C9A /* main.m in Sources */,
				9E3384FD1D6A1AE700894C9A /* Node.m in Sources */,
			);
			runOnlyForDeploymentPostprocessing = 0;
		};
/* End PBXSourcesBuildPhase section */

/* Begin XCBuildConfiguration section */
		9E3384F31D6A1A1300894C9A /* Debug */ = {
			isa = XCBuildConfiguration;
			buildSettings = {
				ALWAYS_SEARCH_USER_PATHS = NO;
				CLANG_ANALYZER_NONNULL = YES;
				CLANG_CXX_LANGUAGE_STANDARD = "gnu++0x";
				CLANG_CXX_LIBRARY = "libc++";
				CLANG_ENABLE_MODULES = YES;
				CLANG_ENABLE_OBJC_ARC = YES;
				CLANG_WARN_BOOL_CONVERSION = YES;
				CLANG_WARN_CONSTANT_CONVERSION = YES;
				CLANG_WARN_DIRECT_OBJC_ISA_USAGE = YES_ERROR;
				CLANG_WARN_EMPTY_BODY = YES;
				CLANG_WARN_ENUM_CONVERSION = YES;
				CLANG_WARN_INT_CONVERSION = YES;
				CLANG_WARN_OBJC_ROOT_CLASS = YES_ERROR;
				CLANG_WARN_UNREACHABLE_CODE = YES;
				CLANG_WARN__DUPLICATE_METHOD_MATCH = YES;
				CODE_SIGN_IDENTITY = "-";
				COPY_PHASE_STRIP = NO;
				DEBUG_INFORMATION_FORMAT = dwarf;
				ENABLE_STRICT_OBJC_MSGSEND = YES;
				ENABLE_TESTABILITY = YES;
				GCC_C_LANGUAGE_STANDARD = gnu99;
				GCC_DYNAMIC_NO_PIC = NO;
				GCC_NO_COMMON_BLOCKS = YES;
				GCC_OPTIMIZATION_LEVEL = 0;
				GCC_PREPROCESSOR_DEFINITIONS = (
					"DEBUG=1",
					"$(inherited)",
				);
				GCC_WARN_64_TO_32_BIT_CONVERSION = YES;
				GCC_WARN_ABOUT_RETURN_TYPE = YES_ERROR;
				GCC_WARN_UNDECLARED_SELECTOR = YES;
				GCC_WARN_UNINITIALIZED_AUTOS = YES_AGGRESSIVE;
				GCC_WARN_UNUSED_FUNCTION = YES;
				GCC_WARN_UNUSED_VARIABLE = YES;
				MACOSX_DEPLOYMENT_TARGET = 10.11;
				MTL_ENABLE_DEBUG_INFO = YES;
				ONLY_ACTIVE_ARCH = YES;
				SDKROOT = macosx;
			};
			name = Debug;
		};
		9E3384F41D6A1A1300894C9A /* Release */ = {
			isa = XCBuildConfiguration;
			buildSettings = {
				ALWAYS_SEARCH_USER_PATHS = NO;
				CLANG_ANALYZER_NONNULL = YES;
				CLANG_CXX_LANGUAGE_STANDARD = "gnu++0x";
				CLANG_CXX_LIBRARY = "libc++";
				CLANG_ENABLE_MODULES = YES;
				CLANG_ENABLE_OBJC_ARC = YES;
				CLANG_WARN_BOOL_CONVERSION = YES;
				CLANG_WARN_CONSTANT_CONVERSION = YES;
				CLANG_WARN_DIRECT_OBJC_ISA_USAGE = YES_ERROR;
				CLANG_WARN_EMPTY_BODY = YES;
				CLANG_WARN_ENUM_CONVERSION = YES;
				CLANG_WARN_INT_CONVERSION = YES;
				CLANG_WARN_OBJC_ROOT_CLASS = YES_ERROR;
				CLANG_WARN_UNREACHABLE_CODE = YES;
				CLANG_WARN__DUPLICATE_METHOD_MATCH = YES;
				CODE_SIGN_IDENTITY = "-";
				COPY_PHASE_STRIP = NO;
				DEBUG_INFORMATION_FORMAT = "dwarf-with-dsym";
				ENABLE_NS_ASSERTIONS = NO;
				ENABLE_STRICT_OBJC_MSGSEND = YES;
				GCC_C_LANGUAGE_STANDARD = gnu99;
				GCC_NO_COMMON_BLOCKS = YES;
				GCC_WARN_64_TO_32_BIT_CONVERSION = YES;
				GCC_WARN_ABOUT_RETURN_TYPE = YES_ERROR;
				GCC_WARN_UNDECLARED_SELECTOR = YES;
				GCC_WARN_UNINITIALIZED_AUTOS = YES_AGGRESSIVE;
				GCC_WARN_UNUSED_FUNCTION = YES;
				GCC_WARN_UNUSED_VARIABLE = YES;
				MACOSX_DEPLOYMENT_TARGET = 10.11;
				MTL_ENABLE_DEBUG_INFO = NO;
				SDKROOT = macosx;
			};
			name = Release;
		};
		9E3384F61D6A1A1300894C9A /* Debug */ = {
			isa = XCBuildConfiguration;
			buildSettings = {
				PRODUCT_NAME = "$(TARGET_NAME)";
			};
			name = Debug;
		};
		9E3384F71D6A1A1300894C9A /* Release */ = {
			isa = XCBuildConfiguration;
			buildSettings = {
				PRODUCT_NAME = "$(TARGET_NAME)";
			};
			name = Release;
		};
/* End XCBuildConfiguration section */

/* Begin XCConfigurationList section */
		9E3384E91D6A1A1300894C9A /* Build configuration list for PBXProject "CSStackPractice" */ = {
			isa = XCConfigurationList;
			buildConfigurations = (
				9E3384F31D6A1A1300894C9A /* Debug */,
				9E3384F41D6A1A1300894C9A /* Release */,
			);
			defaultConfigurationIsVisible = 0;
			defaultConfigurationName = Release;
		};
		9E3384F51D6A1A1300894C9A /* Build configuration list for PBXNativeTarget "CSStackPractice" */ = {
			isa = XCConfigurationList;
			buildConfigurations = (
				9E3384F61D6A1A1300894C9A /* Debug */,
				9E3384F71D6A1A1300894C9A /* Release */,
			);
			defaultConfigurationIsVisible = 0;
		};
/* End XCConfigurationList section */
	};
	rootObject = 9E3384E61D6A1A1300894C9A /* Project object */;
}
